{
  "version": 4,
  "terraform_version": "1.15.8",
  "serial": 84,
  "lineage": "b6219f12-0ebb-6fd6-82e8-c257d0eddb12",
  "outputs": {
    "data_vm_private_ip": {
      "value": null,
      "type": "string"
    },
    "lb_public_ip": {
      "value": null,
      "type": "string"
    }
  },
  "resources": [
    {
      "mode": "managed",
      "type": "azurerm_log_analytics_workspace",
      "name": "law_project4",
      "provider": "provider[\"registry.terraform.io/hashicorp/azurerm\"]",
      "instances": [
        {
          "schema_version": 3,
          "attributes": {
            "allow_resource_only_permissions": true,
            "cmk_for_query_forced": false,
            "daily_quota_gb": -1,
            "data_collection_rule_id": "",
            "id": "/subscriptions/b5b6fdda-4ba6-4831-9aaa-4c63754f2653/resourceGroups/rg-project3-tf-dev/providers/Microsoft.OperationalInsights/workspaces/law-project4-dev",
            "identity": [],
            "immediate_data_purge_on_30_days_enabled": false,
            "internet_ingestion_enabled": true,
            "internet_query_enabled": true,
            "local_authentication_disabled": false,
            "location": "eastus",
            "name": "law-project4-dev",
            "primary_shared_key": "ZywqpyFlvTZ7EMfE0GOBap/feD971fk+BR8XZf7G+sfiBI8gQTfD4/37AY6ijGCFDdbstiBUCbPzZ7nhksOgoA==",
            "reservation_capacity_in_gb_per_day": null,
            "resource_group_name": "rg-project3-tf-dev",
            "retention_in_days": 30,
            "secondary_shared_key": "7LczQM6/YQP2JF6EXORLfs0Z72XBaI1Udqa7cXj0HF8Ir+iifwaK2UG0e8oI0VDbzfRawrssQIy69qtxoDrxuQ==",
            "sku": "PerGB2018",
            "tags": {},
            "timeouts": null,
            "workspace_id": "47317e36-85f3-4fe8-bde0-0f06482d8f5a"
          },
          "sensitive_attributes": [
            [
              {
                "type": "get_attr",
                "value": "primary_shared_key"
              }
            ],
            [
              {
                "type": "get_attr",
                "value": "secondary_shared_key"
              }
            ]
          ],
          "identity_schema_version": 0,
          "private": "eyJlMmJmYjczMC1lY2FhLTExZTYtOGY4OC0zNDM2M2JjN2M0YzAiOnsiY3JlYXRlIjoxODAwMDAwMDAwMDAwLCJkZWxldGUiOjE4MDAwMDAwMDAwMDAsInJlYWQiOjMwMDAwMDAwMDAwMCwidXBkYXRlIjoxODAwMDAwMDAwMDAwfSwic2NoZW1hX3ZlcnNpb24iOiIzIn0="
        }
      ]
    },
    {
      "mode": "managed",
      "type": "azurerm_resource_group",
      "name": "rg",
      "provider": "provider[\"registry.terraform.io/hashicorp/azurerm\"]",
      "instances": [
        {
          "schema_version": 0,
          "attributes": {
            "id": "/subscriptions/b5b6fdda-4ba6-4831-9aaa-4c63754f2653/resourceGroups/rg-project3-tf-dev",
            "location": "eastus",
            "managed_by": "",
            "name": "rg-project3-tf-dev",
            "tags": {},
            "timeouts": null
          },
          "sensitive_attributes": [],
          "identity_schema_version": 0,
          "private": "eyJlMmJmYjczMC1lY2FhLTExZTYtOGY4OC0zNDM2M2JjN2M0YzAiOnsiY3JlYXRlIjo1NDAwMDAwMDAwMDAwLCJkZWxldGUiOjU0MDAwMDAwMDAwMDAsInJlYWQiOjMwMDAwMDAwMDAwMCwidXBkYXRlIjo1NDAwMDAwMDAwMDAwfX0="
        }
      ]
    }
  ],
  "check_results": null
}
